# THIS IS AN AUTOGENERATED FILE. DO NOT EDIT THIS FILE DIRECTLY.
# yarn lockfile v1


jquery-smooth-scroll@^2.1.2:
  version "2.1.2"
  resolved "https://registry.yarnpkg.com/jquery-smooth-scroll/-/jquery-smooth-scroll-2.1.2.tgz#ab7c6e5cb286c8d936f36d0231d84ce1459e77d6"
  dependencies:
    jquery ">=1.7.0"

jquery@>=1.7.0:
  version "3.2.1"
  resolved "https://registry.yarnpkg.com/jquery/-/jquery-3.2.1.tgz#5c4d9de652af6cd0a770154a631bba12b015c787"
